
Microsoft Visual Studio Solution File, Format Version 12.00
# Visual Studio Version 16
VisualStudioVersion = 16.0.30413.136
MinimumVisualStudioVersion = 10.0.40219.1
Project("{FAE04EC0-301F-11D3-BF4B-00C04F79EFBC}") = "Firma", "Firma\Firma.csproj", "{14711364-FDF3-45E2-807F-71B02A75EB60}"
EndProject
Global
	GlobalSection(SolutionConfigurationPlatforms) = preSolution
		Debug|Any CPU = Debug|Any CPU
		Release|Any CPU = Release|Any CPU
	EndGlobalSection
	GlobalSection(ProjectConfigurationPlatforms) = postSolution
		{14711364-FDF3-45E2-807F-71B02A75EB60}.Debug|Any CPU.ActiveCfg = Debug|Any CPU
		{14711364-FDF3-45E2-807F-71B02A75EB60}.Debug|Any CPU.Build.0 = Debug|Any CPU
		{14711364-FDF3-45E2-807F-71B02A75EB60}.Release|Any CPU.ActiveCfg = Release|Any CPU
		{14711364-FDF3-45E2-807F-71B02A75EB60}.Release|Any CPU.Build.0 = Release|Any CPU
	EndGlobalSection
	GlobalSection(SolutionProperties) = preSolution
		HideSolutionNode = FALSE
	EndGlobalSection
	GlobalSection(ExtensibilityGlobals) = postSolution
		SolutionGuid = {D4208BD3-A39A-4610-80E8-C665B5946B62}
	EndGlobalSection
EndGlobal
